Microsoft Visual Studio Solution File, Format Version 12.00
# Visual Studio 14
Project("{8BC9CEB8-8B4A-11D0-8D11-00A0C91BC942}") = "ALL_BUILD", "ALL_BUILD.vcxproj", "{5874CD4D-5E6B-3282-84B6-212B283A24A3}"
	ProjectSection(ProjectDependencies) = postProject
		{F61AEA9E-800B-310B-92EF-4EE281738BA8} = {F61AEA9E-800B-310B-92EF-4EE281738BA8}
		{41DFF257-1954-3D2D-8E05-F5E83C8727CF} = {41DFF257-1954-3D2D-8E05-F5E83C8727CF}
		{91F2B019-795C-34BE-957A-FEF6FEF5B4EA} = {91F2B019-795C-34BE-957A-FEF6FEF5B4EA}
		{43D43764-18E9-3323-BA3D-ABC4A266336C} = {43D43764-18E9-3323-BA3D-ABC4A266336C}
		{FD43AE37-C8B4-3CED-9DFD-63B1A7F56C57} = {FD43AE37-C8B4-3CED-9DFD-63B1A7F56C57}
		{9E154EF3-01F1-3168-A270-DFFD8E4A3720} = {9E154EF3-01F1-3168-A270-DFFD8E4A3720}
		{281D0ADD-8F2E-32CE-8D6C-A78D3655FBDA} = {281D0ADD-8F2E-32CE-8D6C-A78D3655FBDA}
		{0048B8E4-4908-3CD4-9604-33E123E8228E} = {0048B8E4-4908-3CD4-9604-33E123E8228E}
		{258121C0-13A2-33E5-A1F9-74C38119B491} = {258121C0-13A2-33E5-A1F9-74C38119B491}
	EndProjectSection
EndProject
Project("{8BC9CEB8-8B4A-11D0-8D11-00A0C91BC942}") = "ZERO_CHECK", "ZERO_CHECK.vcxproj", "{F61AEA9E-800B-310B-92EF-4EE281738BA8}"
	ProjectSection(ProjectDependencies) = postProject
	EndProjectSection
EndProject
Project("{8BC9CEB8-8B4A-11D0-8D11-00A0C91BC942}") = "example_animals", "exercises\example_animals\example_animals.vcxproj", "{41DFF257-1954-3D2D-8E05-F5E83C8727CF}"
	ProjectSection(ProjectDependencies) = postProject
		{F61AEA9E-800B-310B-92EF-4EE281738BA8} = {F61AEA9E-800B-310B-92EF-4EE281738BA8}
	EndProjectSection
EndProject
Project("{8BC9CEB8-8B4A-11D0-8D11-00A0C91BC942}") = "example_hello_world", "exercises\example_hello_world\example_hello_world.vcxproj", "{91F2B019-795C-34BE-957A-FEF6FEF5B4EA}"
	ProjectSection(ProjectDependencies) = postProject
		{F61AEA9E-800B-310B-92EF-4EE281738BA8} = {F61AEA9E-800B-310B-92EF-4EE281738BA8}
	EndProjectSection
EndProject
Project("{8BC9CEB8-8B4A-11D0-8D11-00A0C91BC942}") = "example_memory_fun", "exercises\example_memory_fun\example_memory_fun.vcxproj", "{43D43764-18E9-3323-BA3D-ABC4A266336C}"
	ProjectSection(ProjectDependencies) = postProject
		{F61AEA9E-800B-310B-92EF-4EE281738BA8} = {F61AEA9E-800B-310B-92EF-4EE281738BA8}
	EndProjectSection
EndProject
Project("{8BC9CEB8-8B4A-11D0-8D11-00A0C91BC942}") = "glew", "depend\glew-1.10.0\glew.vcxproj", "{FD43AE37-C8B4-3CED-9DFD-63B1A7F56C57}"
	ProjectSection(ProjectDependencies) = postProject
		{F61AEA9E-800B-310B-92EF-4EE281738BA8} = {F61AEA9E-800B-310B-92EF-4EE281738BA8}
	EndProjectSection
EndProject
Project("{8BC9CEB8-8B4A-11D0-8D11-00A0C91BC942}") = "glfw", "depend\GLFW-3.0.4\src\glfw.vcxproj", "{9E154EF3-01F1-3168-A270-DFFD8E4A3720}"
	ProjectSection(ProjectDependencies) = postProject
		{F61AEA9E-800B-310B-92EF-4EE281738BA8} = {F61AEA9E-800B-310B-92EF-4EE281738BA8}
	EndProjectSection
EndProject
Project("{8BC9CEB8-8B4A-11D0-8D11-00A0C91BC942}") = "opengl", "exercises\opengl\opengl.vcxproj", "{281D0ADD-8F2E-32CE-8D6C-A78D3655FBDA}"
	ProjectSection(ProjectDependencies) = postProject
		{F61AEA9E-800B-310B-92EF-4EE281738BA8} = {F61AEA9E-800B-310B-92EF-4EE281738BA8}
		{FD43AE37-C8B4-3CED-9DFD-63B1A7F56C57} = {FD43AE37-C8B4-3CED-9DFD-63B1A7F56C57}
		{9E154EF3-01F1-3168-A270-DFFD8E4A3720} = {9E154EF3-01F1-3168-A270-DFFD8E4A3720}
		{0048B8E4-4908-3CD4-9604-33E123E8228E} = {0048B8E4-4908-3CD4-9604-33E123E8228E}
	EndProjectSection
EndProject
Project("{8BC9CEB8-8B4A-11D0-8D11-00A0C91BC942}") = "raytracer", "exercises\raytracer\raytracer.vcxproj", "{0048B8E4-4908-3CD4-9604-33E123E8228E}"
	ProjectSection(ProjectDependencies) = postProject
		{F61AEA9E-800B-310B-92EF-4EE281738BA8} = {F61AEA9E-800B-310B-92EF-4EE281738BA8}
	EndProjectSection
EndProject
Project("{8BC9CEB8-8B4A-11D0-8D11-00A0C91BC942}") = "raytracer_test", "exercises\raytracer_test\raytracer_test.vcxproj", "{258121C0-13A2-33E5-A1F9-74C38119B491}"
	ProjectSection(ProjectDependencies) = postProject
		{F61AEA9E-800B-310B-92EF-4EE281738BA8} = {F61AEA9E-800B-310B-92EF-4EE281738BA8}
		{FD43AE37-C8B4-3CED-9DFD-63B1A7F56C57} = {FD43AE37-C8B4-3CED-9DFD-63B1A7F56C57}
		{9E154EF3-01F1-3168-A270-DFFD8E4A3720} = {9E154EF3-01F1-3168-A270-DFFD8E4A3720}
		{281D0ADD-8F2E-32CE-8D6C-A78D3655FBDA} = {281D0ADD-8F2E-32CE-8D6C-A78D3655FBDA}
		{0048B8E4-4908-3CD4-9604-33E123E8228E} = {0048B8E4-4908-3CD4-9604-33E123E8228E}
	EndProjectSection
EndProject
Global
	GlobalSection(SolutionConfigurationPlatforms) = preSolution
		Debug|Win32 = Debug|Win32
		Release|Win32 = Release|Win32
		MinSizeRel|Win32 = MinSizeRel|Win32
		RelWithDebInfo|Win32 = RelWithDebInfo|Win32
	EndGlobalSection
	GlobalSection(ProjectConfigurationPlatforms) = postSolution
		{5874CD4D-5E6B-3282-84B6-212B283A24A3}.Debug|Win32.ActiveCfg = Debug|Win32
		{5874CD4D-5E6B-3282-84B6-212B283A24A3}.Release|Win32.ActiveCfg = Release|Win32
		{5874CD4D-5E6B-3282-84B6-212B283A24A3}.MinSizeRel|Win32.ActiveCfg = MinSizeRel|Win32
		{5874CD4D-5E6B-3282-84B6-212B283A24A3}.RelWithDebInfo|Win32.ActiveCfg = RelWithDebInfo|Win32
		{F61AEA9E-800B-310B-92EF-4EE281738BA8}.Debug|Win32.ActiveCfg = Debug|Win32
		{F61AEA9E-800B-310B-92EF-4EE281738BA8}.Debug|Win32.Build.0 = Debug|Win32
		{F61AEA9E-800B-310B-92EF-4EE281738BA8}.Release|Win32.ActiveCfg = Release|Win32
		{F61AEA9E-800B-310B-92EF-4EE281738BA8}.Release|Win32.Build.0 = Release|Win32
		{F61AEA9E-800B-310B-92EF-4EE281738BA8}.MinSizeRel|Win32.ActiveCfg = MinSizeRel|Win32
		{F61AEA9E-800B-310B-92EF-4EE281738BA8}.MinSizeRel|Win32.Build.0 = MinSizeRel|Win32
		{F61AEA9E-800B-310B-92EF-4EE281738BA8}.RelWithDebInfo|Win32.ActiveCfg = RelWithDebInfo|Win32
		{F61AEA9E-800B-310B-92EF-4EE281738BA8}.RelWithDebInfo|Win32.Build.0 = RelWithDebInfo|Win32
		{41DFF257-1954-3D2D-8E05-F5E83C8727CF}.Debug|Win32.ActiveCfg = Debug|Win32
		{41DFF257-1954-3D2D-8E05-F5E83C8727CF}.Debug|Win32.Build.0 = Debug|Win32
		{41DFF257-1954-3D2D-8E05-F5E83C8727CF}.Release|Win32.ActiveCfg = Release|Win32
		{41DFF257-1954-3D2D-8E05-F5E83C8727CF}.Release|Win32.Build.0 = Release|Win32
		{41DFF257-1954-3D2D-8E05-F5E83C8727CF}.MinSizeRel|Win32.ActiveCfg = MinSizeRel|Win32
		{41DFF257-1954-3D2D-8E05-F5E83C8727CF}.MinSizeRel|Win32.Build.0 = MinSizeRel|Win32
		{41DFF257-1954-3D2D-8E05-F5E83C8727CF}.RelWithDebInfo|Win32.ActiveCfg = RelWithDebInfo|Win32
		{41DFF257-1954-3D2D-8E05-F5E83C8727CF}.RelWithDebInfo|Win32.Build.0 = RelWithDebInfo|Win32
		{91F2B019-795C-34BE-957A-FEF6FEF5B4EA}.Debug|Win32.ActiveCfg = Debug|Win32
		{91F2B019-795C-34BE-957A-FEF6FEF5B4EA}.Debug|Win32.Build.0 = Debug|Win32
		{91F2B019-795C-34BE-957A-FEF6FEF5B4EA}.Release|Win32.ActiveCfg = Release|Win32
		{91F2B019-795C-34BE-957A-FEF6FEF5B4EA}.Release|Win32.Build.0 = Release|Win32
		{91F2B019-795C-34BE-957A-FEF6FEF5B4EA}.MinSizeRel|Win32.ActiveCfg = MinSizeRel|Win32
		{91F2B019-795C-34BE-957A-FEF6FEF5B4EA}.MinSizeRel|Win32.Build.0 = MinSizeRel|Win32
		{91F2B019-795C-34BE-957A-FEF6FEF5B4EA}.RelWithDebInfo|Win32.ActiveCfg = RelWithDebInfo|Win32
		{91F2B019-795C-34BE-957A-FEF6FEF5B4EA}.RelWithDebInfo|Win32.Build.0 = RelWithDebInfo|Win32
		{43D43764-18E9-3323-BA3D-ABC4A266336C}.Debug|Win32.ActiveCfg = Debug|Win32
		{43D43764-18E9-3323-BA3D-ABC4A266336C}.Debug|Win32.Build.0 = Debug|Win32
		{43D43764-18E9-3323-BA3D-ABC4A266336C}.Release|Win32.ActiveCfg = Release|Win32
		{43D43764-18E9-3323-BA3D-ABC4A266336C}.Release|Win32.Build.0 = Release|Win32
		{43D43764-18E9-3323-BA3D-ABC4A266336C}.MinSizeRel|Win32.ActiveCfg = MinSizeRel|Win32
		{43D43764-18E9-3323-BA3D-ABC4A266336C}.MinSizeRel|Win32.Build.0 = MinSizeRel|Win32
		{43D43764-18E9-3323-BA3D-ABC4A266336C}.RelWithDebInfo|Win32.ActiveCfg = RelWithDebInfo|Win32
		{43D43764-18E9-3323-BA3D-ABC4A266336C}.RelWithDebInfo|Win32.Build.0 = RelWithDebInfo|Win32
		{FD43AE37-C8B4-3CED-9DFD-63B1A7F56C57}.Debug|Win32.ActiveCfg = Debug|Win32
		{FD43AE37-C8B4-3CED-9DFD-63B1A7F56C57}.Debug|Win32.Build.0 = Debug|Win32
		{FD43AE37-C8B4-3CED-9DFD-63B1A7F56C57}.Release|Win32.ActiveCfg = Release|Win32
		{FD43AE37-C8B4-3CED-9DFD-63B1A7F56C57}.Release|Win32.Build.0 = Release|Win32
		{FD43AE37-C8B4-3CED-9DFD-63B1A7F56C57}.MinSizeRel|Win32.ActiveCfg = MinSizeRel|Win32
		{FD43AE37-C8B4-3CED-9DFD-63B1A7F56C57}.MinSizeRel|Win32.Build.0 = MinSizeRel|Win32
		{FD43AE37-C8B4-3CED-9DFD-63B1A7F56C57}.RelWithDebInfo|Win32.ActiveCfg = RelWithDebInfo|Win32
		{FD43AE37-C8B4-3CED-9DFD-63B1A7F56C57}.RelWithDebInfo|Win32.Build.0 = RelWithDebInfo|Win32
		{9E154EF3-01F1-3168-A270-DFFD8E4A3720}.Debug|Win32.ActiveCfg = Debug|Win32
		{9E154EF3-01F1-3168-A270-DFFD8E4A3720}.Debug|Win32.Build.0 = Debug|Win32
		{9E154EF3-01F1-3168-A270-DFFD8E4A3720}.Release|Win32.ActiveCfg = Release|Win32
		{9E154EF3-01F1-3168-A270-DFFD8E4A3720}.Release|Win32.Build.0 = Release|Win32
		{9E154EF3-01F1-3168-A270-DFFD8E4A3720}.MinSizeRel|Win32.ActiveCfg = MinSizeRel|Win32
		{9E154EF3-01F1-3168-A270-DFFD8E4A3720}.MinSizeRel|Win32.Build.0 = MinSizeRel|Win32
		{9E154EF3-01F1-3168-A270-DFFD8E4A3720}.RelWithDebInfo|Win32.ActiveCfg = RelWithDebInfo|Win32
		{9E154EF3-01F1-3168-A270-DFFD8E4A3720}.RelWithDebInfo|Win32.Build.0 = RelWithDebInfo|Win32
		{281D0ADD-8F2E-32CE-8D6C-A78D3655FBDA}.Debug|Win32.ActiveCfg = Debug|Win32
		{281D0ADD-8F2E-32CE-8D6C-A78D3655FBDA}.Debug|Win32.Build.0 = Debug|Win32
		{281D0ADD-8F2E-32CE-8D6C-A78D3655FBDA}.Release|Win32.ActiveCfg = Release|Win32
		{281D0ADD-8F2E-32CE-8D6C-A78D3655FBDA}.Release|Win32.Build.0 = Release|Win32
		{281D0ADD-8F2E-32CE-8D6C-A78D3655FBDA}.MinSizeRel|Win32.ActiveCfg = MinSizeRel|Win32
		{281D0ADD-8F2E-32CE-8D6C-A78D3655FBDA}.MinSizeRel|Win32.Build.0 = MinSizeRel|Win32
		{281D0ADD-8F2E-32CE-8D6C-A78D3655FBDA}.RelWithDebInfo|Win32.ActiveCfg = RelWithDebInfo|Win32
		{281D0ADD-8F2E-32CE-8D6C-A78D3655FBDA}.RelWithDebInfo|Win32.Build.0 = RelWithDebInfo|Win32
		{0048B8E4-4908-3CD4-9604-33E123E8228E}.Debug|Win32.ActiveCfg = Debug|Win32
		{0048B8E4-4908-3CD4-9604-33E123E8228E}.Debug|Win32.Build.0 = Debug|Win32
		{0048B8E4-4908-3CD4-9604-33E123E8228E}.Release|Win32.ActiveCfg = Release|Win32
		{0048B8E4-4908-3CD4-9604-33E123E8228E}.Release|Win32.Build.0 = Release|Win32
		{0048B8E4-4908-3CD4-9604-33E123E8228E}.MinSizeRel|Win32.ActiveCfg = MinSizeRel|Win32
		{0048B8E4-4908-3CD4-9604-33E123E8228E}.MinSizeRel|Win32.Build.0 = MinSizeRel|Win32
		{0048B8E4-4908-3CD4-9604-33E123E8228E}.RelWithDebInfo|Win32.ActiveCfg = RelWithDebInfo|Win32
		{0048B8E4-4908-3CD4-9604-33E123E8228E}.RelWithDebInfo|Win32.Build.0 = RelWithDebInfo|Win32
		{258121C0-13A2-33E5-A1F9-74C38119B491}.Debug|Win32.ActiveCfg = Debug|Win32
		{258121C0-13A2-33E5-A1F9-74C38119B491}.Debug|Win32.Build.0 = Debug|Win32
		{258121C0-13A2-33E5-A1F9-74C38119B491}.Release|Win32.ActiveCfg = Release|Win32
		{258121C0-13A2-33E5-A1F9-74C38119B491}.Release|Win32.Build.0 = Release|Win32
		{258121C0-13A2-33E5-A1F9-74C38119B491}.MinSizeRel|Win32.ActiveCfg = MinSizeRel|Win32
		{258121C0-13A2-33E5-A1F9-74C38119B491}.MinSizeRel|Win32.Build.0 = MinSizeRel|Win32
		{258121C0-13A2-33E5-A1F9-74C38119B491}.RelWithDebInfo|Win32.ActiveCfg = RelWithDebInfo|Win32
		{258121C0-13A2-33E5-A1F9-74C38119B491}.RelWithDebInfo|Win32.Build.0 = RelWithDebInfo|Win32
	EndGlobalSection
	GlobalSection(ExtensibilityGlobals) = postSolution
	EndGlobalSection
	GlobalSection(ExtensibilityAddIns) = postSolution
	EndGlobalSection
EndGlobal
