Microsoft Visual Studio Solution File, Format Version 12.00
# Visual Studio 14
Project("{8BC9CEB8-8B4A-11D0-8D11-00A0C91BC942}") = "ALL_BUILD", "ALL_BUILD.vcxproj", "{676859F1-57E5-3EC3-A1AA-A67AA5BBD39C}"
	ProjectSection(ProjectDependencies) = postProject
		{3B0AD2F1-B2E0-32B1-B212-7586491AA714} = {3B0AD2F1-B2E0-32B1-B212-7586491AA714}
		{FC791365-80FF-39F5-8C72-3AA599825CC0} = {FC791365-80FF-39F5-8C72-3AA599825CC0}
		{E1201A59-D3F1-327D-A6CF-9A14572EE4CF} = {E1201A59-D3F1-327D-A6CF-9A14572EE4CF}
		{4A5BE818-5413-3449-89DF-B1407AE6E3DD} = {4A5BE818-5413-3449-89DF-B1407AE6E3DD}
		{5639A7DD-D0FB-3BA6-A10D-160B959A5A67} = {5639A7DD-D0FB-3BA6-A10D-160B959A5A67}
		{01769EB5-AEE1-37B6-8AC9-B9A62C64C894} = {01769EB5-AEE1-37B6-8AC9-B9A62C64C894}
		{CC406AF1-4724-3205-98DB-C58B2245B599} = {CC406AF1-4724-3205-98DB-C58B2245B599}
		{67DF0133-F29E-379E-83B0-FFCAB5BCF2D4} = {67DF0133-F29E-379E-83B0-FFCAB5BCF2D4}
		{10A87B5A-27FC-3F75-AE26-D92914BA6B1F} = {10A87B5A-27FC-3F75-AE26-D92914BA6B1F}
		{74D1FF22-32F4-3664-93D3-975754F70115} = {74D1FF22-32F4-3664-93D3-975754F70115}
	EndProjectSection
EndProject
Project("{8BC9CEB8-8B4A-11D0-8D11-00A0C91BC942}") = "ZERO_CHECK", "ZERO_CHECK.vcxproj", "{3B0AD2F1-B2E0-32B1-B212-7586491AA714}"
	ProjectSection(ProjectDependencies) = postProject
	EndProjectSection
EndProject
Project("{8BC9CEB8-8B4A-11D0-8D11-00A0C91BC942}") = "example_animals", "exercises\example_animals\example_animals.vcxproj", "{FC791365-80FF-39F5-8C72-3AA599825CC0}"
	ProjectSection(ProjectDependencies) = postProject
		{3B0AD2F1-B2E0-32B1-B212-7586491AA714} = {3B0AD2F1-B2E0-32B1-B212-7586491AA714}
	EndProjectSection
EndProject
Project("{8BC9CEB8-8B4A-11D0-8D11-00A0C91BC942}") = "example_hello_world", "exercises\example_hello_world\example_hello_world.vcxproj", "{E1201A59-D3F1-327D-A6CF-9A14572EE4CF}"
	ProjectSection(ProjectDependencies) = postProject
		{3B0AD2F1-B2E0-32B1-B212-7586491AA714} = {3B0AD2F1-B2E0-32B1-B212-7586491AA714}
	EndProjectSection
EndProject
Project("{8BC9CEB8-8B4A-11D0-8D11-00A0C91BC942}") = "example_memory_fun", "exercises\example_memory_fun\example_memory_fun.vcxproj", "{4A5BE818-5413-3449-89DF-B1407AE6E3DD}"
	ProjectSection(ProjectDependencies) = postProject
		{3B0AD2F1-B2E0-32B1-B212-7586491AA714} = {3B0AD2F1-B2E0-32B1-B212-7586491AA714}
	EndProjectSection
EndProject
Project("{8BC9CEB8-8B4A-11D0-8D11-00A0C91BC942}") = "glew", "depend\glew-1.10.0\glew.vcxproj", "{5639A7DD-D0FB-3BA6-A10D-160B959A5A67}"
	ProjectSection(ProjectDependencies) = postProject
		{3B0AD2F1-B2E0-32B1-B212-7586491AA714} = {3B0AD2F1-B2E0-32B1-B212-7586491AA714}
	EndProjectSection
EndProject
Project("{8BC9CEB8-8B4A-11D0-8D11-00A0C91BC942}") = "glfw", "depend\GLFW-3.0.4\src\glfw.vcxproj", "{01769EB5-AEE1-37B6-8AC9-B9A62C64C894}"
	ProjectSection(ProjectDependencies) = postProject
		{3B0AD2F1-B2E0-32B1-B212-7586491AA714} = {3B0AD2F1-B2E0-32B1-B212-7586491AA714}
	EndProjectSection
EndProject
Project("{8BC9CEB8-8B4A-11D0-8D11-00A0C91BC942}") = "opengl", "exercises\opengl\opengl.vcxproj", "{CC406AF1-4724-3205-98DB-C58B2245B599}"
	ProjectSection(ProjectDependencies) = postProject
		{3B0AD2F1-B2E0-32B1-B212-7586491AA714} = {3B0AD2F1-B2E0-32B1-B212-7586491AA714}
		{5639A7DD-D0FB-3BA6-A10D-160B959A5A67} = {5639A7DD-D0FB-3BA6-A10D-160B959A5A67}
		{01769EB5-AEE1-37B6-8AC9-B9A62C64C894} = {01769EB5-AEE1-37B6-8AC9-B9A62C64C894}
		{67DF0133-F29E-379E-83B0-FFCAB5BCF2D4} = {67DF0133-F29E-379E-83B0-FFCAB5BCF2D4}
	EndProjectSection
EndProject
Project("{8BC9CEB8-8B4A-11D0-8D11-00A0C91BC942}") = "raytracer", "exercises\raytracer\raytracer.vcxproj", "{67DF0133-F29E-379E-83B0-FFCAB5BCF2D4}"
	ProjectSection(ProjectDependencies) = postProject
		{3B0AD2F1-B2E0-32B1-B212-7586491AA714} = {3B0AD2F1-B2E0-32B1-B212-7586491AA714}
	EndProjectSection
EndProject
Project("{8BC9CEB8-8B4A-11D0-8D11-00A0C91BC942}") = "raytracer_task1", "exercises\raytracer_task1\raytracer_task1.vcxproj", "{10A87B5A-27FC-3F75-AE26-D92914BA6B1F}"
	ProjectSection(ProjectDependencies) = postProject
		{3B0AD2F1-B2E0-32B1-B212-7586491AA714} = {3B0AD2F1-B2E0-32B1-B212-7586491AA714}
		{5639A7DD-D0FB-3BA6-A10D-160B959A5A67} = {5639A7DD-D0FB-3BA6-A10D-160B959A5A67}
		{01769EB5-AEE1-37B6-8AC9-B9A62C64C894} = {01769EB5-AEE1-37B6-8AC9-B9A62C64C894}
		{CC406AF1-4724-3205-98DB-C58B2245B599} = {CC406AF1-4724-3205-98DB-C58B2245B599}
		{67DF0133-F29E-379E-83B0-FFCAB5BCF2D4} = {67DF0133-F29E-379E-83B0-FFCAB5BCF2D4}
	EndProjectSection
EndProject
Project("{8BC9CEB8-8B4A-11D0-8D11-00A0C91BC942}") = "raytracer_test", "exercises\raytracer_test\raytracer_test.vcxproj", "{74D1FF22-32F4-3664-93D3-975754F70115}"
	ProjectSection(ProjectDependencies) = postProject
		{3B0AD2F1-B2E0-32B1-B212-7586491AA714} = {3B0AD2F1-B2E0-32B1-B212-7586491AA714}
		{5639A7DD-D0FB-3BA6-A10D-160B959A5A67} = {5639A7DD-D0FB-3BA6-A10D-160B959A5A67}
		{01769EB5-AEE1-37B6-8AC9-B9A62C64C894} = {01769EB5-AEE1-37B6-8AC9-B9A62C64C894}
		{CC406AF1-4724-3205-98DB-C58B2245B599} = {CC406AF1-4724-3205-98DB-C58B2245B599}
		{67DF0133-F29E-379E-83B0-FFCAB5BCF2D4} = {67DF0133-F29E-379E-83B0-FFCAB5BCF2D4}
	EndProjectSection
EndProject
Global
	GlobalSection(SolutionConfigurationPlatforms) = preSolution
		Debug|Win32 = Debug|Win32
		Release|Win32 = Release|Win32
		MinSizeRel|Win32 = MinSizeRel|Win32
		RelWithDebInfo|Win32 = RelWithDebInfo|Win32
	EndGlobalSection
	GlobalSection(ProjectConfigurationPlatforms) = postSolution
		{676859F1-57E5-3EC3-A1AA-A67AA5BBD39C}.Debug|Win32.ActiveCfg = Debug|Win32
		{676859F1-57E5-3EC3-A1AA-A67AA5BBD39C}.Release|Win32.ActiveCfg = Release|Win32
		{676859F1-57E5-3EC3-A1AA-A67AA5BBD39C}.MinSizeRel|Win32.ActiveCfg = MinSizeRel|Win32
		{676859F1-57E5-3EC3-A1AA-A67AA5BBD39C}.RelWithDebInfo|Win32.ActiveCfg = RelWithDebInfo|Win32
		{3B0AD2F1-B2E0-32B1-B212-7586491AA714}.Debug|Win32.ActiveCfg = Debug|Win32
		{3B0AD2F1-B2E0-32B1-B212-7586491AA714}.Debug|Win32.Build.0 = Debug|Win32
		{3B0AD2F1-B2E0-32B1-B212-7586491AA714}.Release|Win32.ActiveCfg = Release|Win32
		{3B0AD2F1-B2E0-32B1-B212-7586491AA714}.Release|Win32.Build.0 = Release|Win32
		{3B0AD2F1-B2E0-32B1-B212-7586491AA714}.MinSizeRel|Win32.ActiveCfg = MinSizeRel|Win32
		{3B0AD2F1-B2E0-32B1-B212-7586491AA714}.MinSizeRel|Win32.Build.0 = MinSizeRel|Win32
		{3B0AD2F1-B2E0-32B1-B212-7586491AA714}.RelWithDebInfo|Win32.ActiveCfg = RelWithDebInfo|Win32
		{3B0AD2F1-B2E0-32B1-B212-7586491AA714}.RelWithDebInfo|Win32.Build.0 = RelWithDebInfo|Win32
		{FC791365-80FF-39F5-8C72-3AA599825CC0}.Debug|Win32.ActiveCfg = Debug|Win32
		{FC791365-80FF-39F5-8C72-3AA599825CC0}.Debug|Win32.Build.0 = Debug|Win32
		{FC791365-80FF-39F5-8C72-3AA599825CC0}.Release|Win32.ActiveCfg = Release|Win32
		{FC791365-80FF-39F5-8C72-3AA599825CC0}.Release|Win32.Build.0 = Release|Win32
		{FC791365-80FF-39F5-8C72-3AA599825CC0}.MinSizeRel|Win32.ActiveCfg = MinSizeRel|Win32
		{FC791365-80FF-39F5-8C72-3AA599825CC0}.MinSizeRel|Win32.Build.0 = MinSizeRel|Win32
		{FC791365-80FF-39F5-8C72-3AA599825CC0}.RelWithDebInfo|Win32.ActiveCfg = RelWithDebInfo|Win32
		{FC791365-80FF-39F5-8C72-3AA599825CC0}.RelWithDebInfo|Win32.Build.0 = RelWithDebInfo|Win32
		{E1201A59-D3F1-327D-A6CF-9A14572EE4CF}.Debug|Win32.ActiveCfg = Debug|Win32
		{E1201A59-D3F1-327D-A6CF-9A14572EE4CF}.Debug|Win32.Build.0 = Debug|Win32
		{E1201A59-D3F1-327D-A6CF-9A14572EE4CF}.Release|Win32.ActiveCfg = Release|Win32
		{E1201A59-D3F1-327D-A6CF-9A14572EE4CF}.Release|Win32.Build.0 = Release|Win32
		{E1201A59-D3F1-327D-A6CF-9A14572EE4CF}.MinSizeRel|Win32.ActiveCfg = MinSizeRel|Win32
		{E1201A59-D3F1-327D-A6CF-9A14572EE4CF}.MinSizeRel|Win32.Build.0 = MinSizeRel|Win32
		{E1201A59-D3F1-327D-A6CF-9A14572EE4CF}.RelWithDebInfo|Win32.ActiveCfg = RelWithDebInfo|Win32
		{E1201A59-D3F1-327D-A6CF-9A14572EE4CF}.RelWithDebInfo|Win32.Build.0 = RelWithDebInfo|Win32
		{4A5BE818-5413-3449-89DF-B1407AE6E3DD}.Debug|Win32.ActiveCfg = Debug|Win32
		{4A5BE818-5413-3449-89DF-B1407AE6E3DD}.Debug|Win32.Build.0 = Debug|Win32
		{4A5BE818-5413-3449-89DF-B1407AE6E3DD}.Release|Win32.ActiveCfg = Release|Win32
		{4A5BE818-5413-3449-89DF-B1407AE6E3DD}.Release|Win32.Build.0 = Release|Win32
		{4A5BE818-5413-3449-89DF-B1407AE6E3DD}.MinSizeRel|Win32.ActiveCfg = MinSizeRel|Win32
		{4A5BE818-5413-3449-89DF-B1407AE6E3DD}.MinSizeRel|Win32.Build.0 = MinSizeRel|Win32
		{4A5BE818-5413-3449-89DF-B1407AE6E3DD}.RelWithDebInfo|Win32.ActiveCfg = RelWithDebInfo|Win32
		{4A5BE818-5413-3449-89DF-B1407AE6E3DD}.RelWithDebInfo|Win32.Build.0 = RelWithDebInfo|Win32
		{5639A7DD-D0FB-3BA6-A10D-160B959A5A67}.Debug|Win32.ActiveCfg = Debug|Win32
		{5639A7DD-D0FB-3BA6-A10D-160B959A5A67}.Debug|Win32.Build.0 = Debug|Win32
		{5639A7DD-D0FB-3BA6-A10D-160B959A5A67}.Release|Win32.ActiveCfg = Release|Win32
		{5639A7DD-D0FB-3BA6-A10D-160B959A5A67}.Release|Win32.Build.0 = Release|Win32
		{5639A7DD-D0FB-3BA6-A10D-160B959A5A67}.MinSizeRel|Win32.ActiveCfg = MinSizeRel|Win32
		{5639A7DD-D0FB-3BA6-A10D-160B959A5A67}.MinSizeRel|Win32.Build.0 = MinSizeRel|Win32
		{5639A7DD-D0FB-3BA6-A10D-160B959A5A67}.RelWithDebInfo|Win32.ActiveCfg = RelWithDebInfo|Win32
		{5639A7DD-D0FB-3BA6-A10D-160B959A5A67}.RelWithDebInfo|Win32.Build.0 = RelWithDebInfo|Win32
		{01769EB5-AEE1-37B6-8AC9-B9A62C64C894}.Debug|Win32.ActiveCfg = Debug|Win32
		{01769EB5-AEE1-37B6-8AC9-B9A62C64C894}.Debug|Win32.Build.0 = Debug|Win32
		{01769EB5-AEE1-37B6-8AC9-B9A62C64C894}.Release|Win32.ActiveCfg = Release|Win32
		{01769EB5-AEE1-37B6-8AC9-B9A62C64C894}.Release|Win32.Build.0 = Release|Win32
		{01769EB5-AEE1-37B6-8AC9-B9A62C64C894}.MinSizeRel|Win32.ActiveCfg = MinSizeRel|Win32
		{01769EB5-AEE1-37B6-8AC9-B9A62C64C894}.MinSizeRel|Win32.Build.0 = MinSizeRel|Win32
		{01769EB5-AEE1-37B6-8AC9-B9A62C64C894}.RelWithDebInfo|Win32.ActiveCfg = RelWithDebInfo|Win32
		{01769EB5-AEE1-37B6-8AC9-B9A62C64C894}.RelWithDebInfo|Win32.Build.0 = RelWithDebInfo|Win32
		{CC406AF1-4724-3205-98DB-C58B2245B599}.Debug|Win32.ActiveCfg = Debug|Win32
		{CC406AF1-4724-3205-98DB-C58B2245B599}.Debug|Win32.Build.0 = Debug|Win32
		{CC406AF1-4724-3205-98DB-C58B2245B599}.Release|Win32.ActiveCfg = Release|Win32
		{CC406AF1-4724-3205-98DB-C58B2245B599}.Release|Win32.Build.0 = Release|Win32
		{CC406AF1-4724-3205-98DB-C58B2245B599}.MinSizeRel|Win32.ActiveCfg = MinSizeRel|Win32
		{CC406AF1-4724-3205-98DB-C58B2245B599}.MinSizeRel|Win32.Build.0 = MinSizeRel|Win32
		{CC406AF1-4724-3205-98DB-C58B2245B599}.RelWithDebInfo|Win32.ActiveCfg = RelWithDebInfo|Win32
		{CC406AF1-4724-3205-98DB-C58B2245B599}.RelWithDebInfo|Win32.Build.0 = RelWithDebInfo|Win32
		{67DF0133-F29E-379E-83B0-FFCAB5BCF2D4}.Debug|Win32.ActiveCfg = Debug|Win32
		{67DF0133-F29E-379E-83B0-FFCAB5BCF2D4}.Debug|Win32.Build.0 = Debug|Win32
		{67DF0133-F29E-379E-83B0-FFCAB5BCF2D4}.Release|Win32.ActiveCfg = Release|Win32
		{67DF0133-F29E-379E-83B0-FFCAB5BCF2D4}.Release|Win32.Build.0 = Release|Win32
		{67DF0133-F29E-379E-83B0-FFCAB5BCF2D4}.MinSizeRel|Win32.ActiveCfg = MinSizeRel|Win32
		{67DF0133-F29E-379E-83B0-FFCAB5BCF2D4}.MinSizeRel|Win32.Build.0 = MinSizeRel|Win32
		{67DF0133-F29E-379E-83B0-FFCAB5BCF2D4}.RelWithDebInfo|Win32.ActiveCfg = RelWithDebInfo|Win32
		{67DF0133-F29E-379E-83B0-FFCAB5BCF2D4}.RelWithDebInfo|Win32.Build.0 = RelWithDebInfo|Win32
		{10A87B5A-27FC-3F75-AE26-D92914BA6B1F}.Debug|Win32.ActiveCfg = Debug|Win32
		{10A87B5A-27FC-3F75-AE26-D92914BA6B1F}.Debug|Win32.Build.0 = Debug|Win32
		{10A87B5A-27FC-3F75-AE26-D92914BA6B1F}.Release|Win32.ActiveCfg = Release|Win32
		{10A87B5A-27FC-3F75-AE26-D92914BA6B1F}.Release|Win32.Build.0 = Release|Win32
		{10A87B5A-27FC-3F75-AE26-D92914BA6B1F}.MinSizeRel|Win32.ActiveCfg = MinSizeRel|Win32
		{10A87B5A-27FC-3F75-AE26-D92914BA6B1F}.MinSizeRel|Win32.Build.0 = MinSizeRel|Win32
		{10A87B5A-27FC-3F75-AE26-D92914BA6B1F}.RelWithDebInfo|Win32.ActiveCfg = RelWithDebInfo|Win32
		{10A87B5A-27FC-3F75-AE26-D92914BA6B1F}.RelWithDebInfo|Win32.Build.0 = RelWithDebInfo|Win32
		{74D1FF22-32F4-3664-93D3-975754F70115}.Debug|Win32.ActiveCfg = Debug|Win32
		{74D1FF22-32F4-3664-93D3-975754F70115}.Debug|Win32.Build.0 = Debug|Win32
		{74D1FF22-32F4-3664-93D3-975754F70115}.Release|Win32.ActiveCfg = Release|Win32
		{74D1FF22-32F4-3664-93D3-975754F70115}.Release|Win32.Build.0 = Release|Win32
		{74D1FF22-32F4-3664-93D3-975754F70115}.MinSizeRel|Win32.ActiveCfg = MinSizeRel|Win32
		{74D1FF22-32F4-3664-93D3-975754F70115}.MinSizeRel|Win32.Build.0 = MinSizeRel|Win32
		{74D1FF22-32F4-3664-93D3-975754F70115}.RelWithDebInfo|Win32.ActiveCfg = RelWithDebInfo|Win32
		{74D1FF22-32F4-3664-93D3-975754F70115}.RelWithDebInfo|Win32.Build.0 = RelWithDebInfo|Win32
	EndGlobalSection
	GlobalSection(ExtensibilityGlobals) = postSolution
	EndGlobalSection
	GlobalSection(ExtensibilityAddIns) = postSolution
	EndGlobalSection
EndGlobal
