<?xml version="1.0" encoding="UTF-8"?>
<Project ToolsVersion="14.0" xmlns="http://schemas.microsoft.com/developer/msbuild/2003">
  <ItemGroup>
    <ClCompile Include="F:\Daten\Programmieren\Computer-Grafik\rar\task1\exercises\example_hello_world\hello_world.cpp">
      <Filter>Source Files</Filter>
    </ClCompile>
  </ItemGroup>
  <ItemGroup>
    <CustomBuild Include="F:\Daten\Programmieren\Computer-Grafik\rar\task1\exercises\example_hello_world\CMakeLists.txt" />
  </ItemGroup>
  <ItemGroup>
    <Filter Include="Source Files">
      <UniqueIdentifier>{603CDC75-DF8F-36E1-A502-993260438AC5}</UniqueIdentifier>
    </Filter>
  </ItemGroup>
</Project>
